
Microsoft Visual Studio Solution File, Format Version 12.00
# Visual Studio 15
VisualStudioVersion = 15.0.28307.136
MinimumVisualStudioVersion = 10.0.40219.1
Project("{FAE04EC0-301F-11D3-BF4B-00C04F79EFBC}") = "Cars_and_Autoparts_Site_Second_Performance", "Cars_and_Autoparts_Site_Second_Performance\Cars_and_Autoparts_Site_Second_Performance.csproj", "{C7569E28-EA94-433F-8ADB-60288A9AB369}"
EndProject
Global
	GlobalSection(SolutionConfigurationPlatforms) = preSolution
		Debug|Any CPU = Debug|Any CPU
		Release|Any CPU = Release|Any CPU
	EndGlobalSection
	GlobalSection(ProjectConfigurationPlatforms) = postSolution
		{C7569E28-EA94-433F-8ADB-60288A9AB369}.Debug|Any CPU.ActiveCfg = Debug|Any CPU
		{C7569E28-EA94-433F-8ADB-60288A9AB369}.Debug|Any CPU.Build.0 = Debug|Any CPU
		{C7569E28-EA94-433F-8ADB-60288A9AB369}.Release|Any CPU.ActiveCfg = Release|Any CPU
		{C7569E28-EA94-433F-8ADB-60288A9AB369}.Release|Any CPU.Build.0 = Release|Any CPU
	EndGlobalSection
	GlobalSection(SolutionProperties) = preSolution
		HideSolutionNode = FALSE
	EndGlobalSection
	GlobalSection(ExtensibilityGlobals) = postSolution
		SolutionGuid = {4F0DF0B5-C67C-4920-A117-143C5F9372C3}
	EndGlobalSection
EndGlobal
